
Microsoft Visual Studio Solution File, Format Version 11.00
# Visual Studio 2010
Project("{FAE04EC0-301F-11D3-BF4B-00C04F79EFBC}") = "GuitARtist", "Assembly-CSharp.csproj", "{9C14402E-3ABF-8942-2244-9E2935695E18}"
EndProject
Project("{FAE04EC0-301F-11D3-BF4B-00C04F79EFBC}") = "GuitARtist", "Assembly-CSharp-Editor.csproj", "{07874CE1-65C2-19D5-A6B9-440E6D37E4F4}"
EndProject
Global
	GlobalSection(SolutionConfigurationPlatforms) = preSolution
		Debug|Any CPU = Debug|Any CPU
		Release|Any CPU = Release|Any CPU
	EndGlobalSection
	GlobalSection(ProjectConfigurationPlatforms) = postSolution
		{9C14402E-3ABF-8942-2244-9E2935695E18}.Debug|Any CPU.ActiveCfg = Debug|Any CPU
		{9C14402E-3ABF-8942-2244-9E2935695E18}.Debug|Any CPU.Build.0 = Debug|Any CPU
		{9C14402E-3ABF-8942-2244-9E2935695E18}.Release|Any CPU.ActiveCfg = Release|Any CPU
		{9C14402E-3ABF-8942-2244-9E2935695E18}.Release|Any CPU.Build.0 = Release|Any CPU
		{07874CE1-65C2-19D5-A6B9-440E6D37E4F4}.Debug|Any CPU.ActiveCfg = Debug|Any CPU
		{07874CE1-65C2-19D5-A6B9-440E6D37E4F4}.Debug|Any CPU.Build.0 = Debug|Any CPU
		{07874CE1-65C2-19D5-A6B9-440E6D37E4F4}.Release|Any CPU.ActiveCfg = Release|Any CPU
		{07874CE1-65C2-19D5-A6B9-440E6D37E4F4}.Release|Any CPU.Build.0 = Release|Any CPU
	EndGlobalSection
	GlobalSection(SolutionProperties) = preSolution
		HideSolutionNode = FALSE
	EndGlobalSection
	GlobalSection(MonoDevelopProperties) = preSolution
		StartupItem = Assembly-CSharp.csproj
	EndGlobalSection
EndGlobal
